github.com/caarlos0/env/v11 v11.0.0 h1:ZIlkOjuL3xoZS0kmUJlF74j2Qj8GMOq3CDLX/Viak8Q=
github.com/caarlos0/env/v11 v11.0.0/go.mod h1:2RC3HQu8BQqtEK3V4iHPxj0jOdWdbPpWJ6pOueeU1xM=
github.com/rhiaqey/common-go v0.0.0-20240506130717-978a1686486c h1:DZUkxIxaU3m7SMqzaitH0+FpbEM42c1FzLMDVgzc1p0=
github.com/rhiaqey/common-go v0.0.0-20240506130717-978a1686486c/go.mod h1:pb2BkCNPu5xK7CE615qzikRACsdQ96djMnwkJ7xP8to=
github.com/rhiaqey/sdk-go v0.0.0-20240506124842-2f64b832d5e8 h1:rSF81cX976Gde1jn2jmv1cKRnsE9KhfdPUimmRUScqE=
github.com/rhiaqey/sdk-go v0.0.0-20240506124842-2f64b832d5e8/go.mod h1:9xi1TkPKvTQVG99O8qhf9JhQcqoJ7gQGUqAy3H6JtDw=
github.com/rhiaqey/sdk-go v0.0.0-20240507130512-77a6d7fca1d6 h1:gCgXBCotqFeTs00JbMyj/DvITpn5KH4cwww9bhmju/c=
github.com/rhiaqey/sdk-go v0.0.0-20240507130512-77a6d7fca1d6/go.mod h1:FVw6w1LKjn9s5eTHW/k/nK1vNfEx3jX7MP9M9rGkQug=
